
Microsoft Visual Studio Solution File, Format Version 12.00
# Visual Studio 15
VisualStudioVersion = 15.0.26730.16
MinimumVisualStudioVersion = 10.0.40219.1
Project("{FAE04EC0-301F-11D3-BF4B-00C04F79EFBC}") = "ProyectoPermanencia.Negocio", "ProyectoPermanencia.Negocio\ProyectoPermanencia.Negocio.csproj", "{67DF0031-91E1-4CBE-A760-F6A6AC6BD394}"
EndProject
Project("{FAE04EC0-301F-11D3-BF4B-00C04F79EFBC}") = "ProyectoPermanencia.DTO", "ProyectoPermanencia.DTO\ProyectoPermanencia.DTO.csproj", "{5E7D3DB3-D763-426B-8B67-320242EE81EA}"
EndProject
Project("{FAE04EC0-301F-11D3-BF4B-00C04F79EFBC}") = "ProyectoPermanencia.Conexion", "ProyectoPermanencia.Conexion\ProyectoPermanencia.Conexion.csproj", "{4F16710C-E9F9-493F-8E3E-9F269281D98E}"
EndProject
Project("{FAE04EC0-301F-11D3-BF4B-00C04F79EFBC}") = "ProyectoPermanencia.Presentacion", "ProyectoPermanencia.Presentacion\ProyectoPermanencia.Presentacion.csproj", "{D6A93195-76A5-4378-8D45-C373649C0A74}"
EndProject
Project("{FAE04EC0-301F-11D3-BF4B-00C04F79EFBC}") = "run_ssis_project", "run_ssis_project\run_ssis_project.csproj", "{3C2A14E5-02D8-45B9-910B-47D645A08221}"
EndProject
Global
	GlobalSection(SolutionConfigurationPlatforms) = preSolution
		Debug|Any CPU = Debug|Any CPU
		Release|Any CPU = Release|Any CPU
	EndGlobalSection
	GlobalSection(ProjectConfigurationPlatforms) = postSolution
		{67DF0031-91E1-4CBE-A760-F6A6AC6BD394}.Debug|Any CPU.ActiveCfg = Debug|Any CPU
		{67DF0031-91E1-4CBE-A760-F6A6AC6BD394}.Debug|Any CPU.Build.0 = Debug|Any CPU
		{67DF0031-91E1-4CBE-A760-F6A6AC6BD394}.Release|Any CPU.ActiveCfg = Release|Any CPU
		{67DF0031-91E1-4CBE-A760-F6A6AC6BD394}.Release|Any CPU.Build.0 = Release|Any CPU
		{5E7D3DB3-D763-426B-8B67-320242EE81EA}.Debug|Any CPU.ActiveCfg = Debug|Any CPU
		{5E7D3DB3-D763-426B-8B67-320242EE81EA}.Debug|Any CPU.Build.0 = Debug|Any CPU
		{5E7D3DB3-D763-426B-8B67-320242EE81EA}.Release|Any CPU.ActiveCfg = Release|Any CPU
		{5E7D3DB3-D763-426B-8B67-320242EE81EA}.Release|Any CPU.Build.0 = Release|Any CPU
		{4F16710C-E9F9-493F-8E3E-9F269281D98E}.Debug|Any CPU.ActiveCfg = Debug|Any CPU
		{4F16710C-E9F9-493F-8E3E-9F269281D98E}.Debug|Any CPU.Build.0 = Debug|Any CPU
		{4F16710C-E9F9-493F-8E3E-9F269281D98E}.Release|Any CPU.ActiveCfg = Release|Any CPU
		{4F16710C-E9F9-493F-8E3E-9F269281D98E}.Release|Any CPU.Build.0 = Release|Any CPU
		{D6A93195-76A5-4378-8D45-C373649C0A74}.Debug|Any CPU.ActiveCfg = Debug|Any CPU
		{D6A93195-76A5-4378-8D45-C373649C0A74}.Debug|Any CPU.Build.0 = Debug|Any CPU
		{D6A93195-76A5-4378-8D45-C373649C0A74}.Release|Any CPU.ActiveCfg = Release|Any CPU
		{D6A93195-76A5-4378-8D45-C373649C0A74}.Release|Any CPU.Build.0 = Release|Any CPU
		{3C2A14E5-02D8-45B9-910B-47D645A08221}.Debug|Any CPU.ActiveCfg = Debug|Any CPU
		{3C2A14E5-02D8-45B9-910B-47D645A08221}.Debug|Any CPU.Build.0 = Debug|Any CPU
		{3C2A14E5-02D8-45B9-910B-47D645A08221}.Release|Any CPU.ActiveCfg = Release|Any CPU
		{3C2A14E5-02D8-45B9-910B-47D645A08221}.Release|Any CPU.Build.0 = Release|Any CPU
	EndGlobalSection
	GlobalSection(SolutionProperties) = preSolution
		HideSolutionNode = FALSE
	EndGlobalSection
	GlobalSection(ExtensibilityGlobals) = postSolution
		SolutionGuid = {8843FEA6-C15A-47A9-9E39-AF3066B2D29F}
	EndGlobalSection
EndGlobal
