
Microsoft Visual Studio Solution File, Format Version 12.00
# Visual Studio 15
VisualStudioVersion = 15.0.26730.16
MinimumVisualStudioVersion = 10.0.40219.1
Project("{FAE04EC0-301F-11D3-BF4B-00C04F79EFBC}") = "ProyectoPermanencia.Negocio", "ProyectoPermanencia.Negocio\ProyectoPermanencia.Negocio.csproj", "{67DF0031-91E1-4CBE-A760-F6A6AC6BD394}"
EndProject
Global
	GlobalSection(SolutionConfigurationPlatforms) = preSolution
		Debug|Any CPU = Debug|Any CPU
		Release|Any CPU = Release|Any CPU
	EndGlobalSection
	GlobalSection(ProjectConfigurationPlatforms) = postSolution
		{67DF0031-91E1-4CBE-A760-F6A6AC6BD394}.Debug|Any CPU.ActiveCfg = Debug|Any CPU
		{67DF0031-91E1-4CBE-A760-F6A6AC6BD394}.Debug|Any CPU.Build.0 = Debug|Any CPU
		{67DF0031-91E1-4CBE-A760-F6A6AC6BD394}.Release|Any CPU.ActiveCfg = Release|Any CPU
		{67DF0031-91E1-4CBE-A760-F6A6AC6BD394}.Release|Any CPU.Build.0 = Release|Any CPU
	EndGlobalSection
	GlobalSection(SolutionProperties) = preSolution
		HideSolutionNode = FALSE
	EndGlobalSection
	GlobalSection(ExtensibilityGlobals) = postSolution
		SolutionGuid = {8843FEA6-C15A-47A9-9E39-AF3066B2D29F}
	EndGlobalSection
EndGlobal
