{
  "name": "myproject",
  "version": "1.0.0",
  "lockfileVersion": 1,
  "requires": true,
  "dependencies": {
    "install": {
      "version": "0.12.1",
      "resolved": "https://registry.npmjs.org/install/-/install-0.12.1.tgz",
      "integrity": "sha512-TvL+PMlxSo+uGMIBjgBdtBb3mOLa00R2cjtvExOCsKLDeGo/YlGjMkrMmgEUTkjIaGeELZzaktN9ljo3v+bBaA==",
      "dev": true
    },
    "material-design-icons": {
      "version": "3.0.1",
      "resolved": "https://registry.npmjs.org/material-design-icons/-/material-design-icons-3.0.1.tgz",
      "integrity": "sha1-mnHEh0chjrylHlGmbaaCA4zct78=",
      "dev": true
    }
  }
}
